{
  "name": "kyb-training-center-admin-dashboard",
  "version": "1.0.0",
  "lockfileVersion": 3,
  "requires": true,
  "packages": {
    "": {
      "name": "kyb-training-center-admin-dashboard",
      "version": "1.0.0",
      "license": "ISC",
      "dependencies": {
        "@fortawesome/fontawesome-free": "^6.4.2",
        "bootstrap": "^5.2.3",
        "chartjs": "^0.3.24",
        "fullcalendar": "^6.1.14",
        "grep": "^0.1.0",
        "jquery": "^3.7.0",
        "lightslider": "^1.1.6",
        "paginationjs": "^2.6.0",
        "select2": "^4.1.0-rc.0",
        "sweetalert2": "^11.12.0"
      }
    },
    "node_modules/@fortawesome/fontawesome-free": {
      "version": "6.4.2",
      "resolved": "https://registry.npmjs.org/@fortawesome/fontawesome-free/-/fontawesome-free-6.4.2.tgz",
      "integrity": "sha512-m5cPn3e2+FDCOgi1mz0RexTUvvQibBebOUlUlW0+YrMjDTPkiJ6VTKukA1GRsvRw+12KyJndNjj0O4AgTxm2Pg==",
      "hasInstallScript": true,
      "engines": {
        "node": ">=6"
      }
    },
    "node_modules/@fullcalendar/core": {
      "version": "6.1.14",
      "resolved": "https://registry.npmjs.org/@fullcalendar/core/-/core-6.1.14.tgz",
      "integrity": "sha512-hIPRBevm0aMc2aHy1hRIJgXmI1QTvQM1neQa9oxtuqUmF1+ApYC3oAdwcQMTuI7lHHw3pKJDyJFkKLPPnL6HXA==",
      "dependencies": {
        "preact": "~10.12.1"
      }
    },
    "node_modules/@fullcalendar/daygrid": {
      "version": "6.1.14",
      "resolved": "https://registry.npmjs.org/@fullcalendar/daygrid/-/daygrid-6.1.14.tgz",
      "integrity": "sha512-DSyjiA1dEM8k3bOCrZpZOmAOZu71KGtH02ze+4QKuhxkmn/zQghmmLRdfzpOrcyJg6xGKkoB4pBcO+2lXar8XQ==",
      "peerDependencies": {
        "@fullcalendar/core": "~6.1.14"
      }
    },
    "node_modules/@fullcalendar/interaction": {
      "version": "6.1.14",
      "resolved": "https://registry.npmjs.org/@fullcalendar/interaction/-/interaction-6.1.14.tgz",
      "integrity": "sha512-rXum5XCjq+WEPNctFeYL/JKZGeU2rlxrElygocdMegcrIBJQW5hnWWVE+i4/1dOmUKF80CbGVlXUyYXoqK2eFg==",
      "peerDependencies": {
        "@fullcalendar/core": "~6.1.14"
      }
    },
    "node_modules/@fullcalendar/list": {
      "version": "6.1.14",
      "resolved": "https://registry.npmjs.org/@fullcalendar/list/-/list-6.1.14.tgz",
      "integrity": "sha512-eV0/6iCumYfvlPzIUTAONWH17/JlQCyCChUz8m06L4E/sOiNjkHGz8vlVTmZKqXzx9oWOOyV/Nm3pCtHmVZh+Q==",
      "peerDependencies": {
        "@fullcalendar/core": "~6.1.14"
      }
    },
    "node_modules/@fullcalendar/multimonth": {
      "version": "6.1.14",
      "resolved": "https://registry.npmjs.org/@fullcalendar/multimonth/-/multimonth-6.1.14.tgz",
      "integrity": "sha512-el2vbZZgTkdufgOvRxqx61czjRMfEK50449g4SkqbagtS3ITNMAv84KHFcsbXVbd9Nh3UhbXDuYZuzJZpvY7mQ==",
      "dependencies": {
        "@fullcalendar/daygrid": "~6.1.14"
      },
      "peerDependencies": {
        "@fullcalendar/core": "~6.1.14"
      }
    },
    "node_modules/@fullcalendar/timegrid": {
      "version": "6.1.14",
      "resolved": "https://registry.npmjs.org/@fullcalendar/timegrid/-/timegrid-6.1.14.tgz",
      "integrity": "sha512-ZByc3BVAtxWSVfyaNedROLlg/Tb2NQ43+MZZAfBSrVwVm2xyfQ+Bsx3pJyCXsRsUh2TFFTO07q7nMWe0jet3KQ==",
      "dependencies": {
        "@fullcalendar/daygrid": "~6.1.14"
      },
      "peerDependencies": {
        "@fullcalendar/core": "~6.1.14"
      }
    },
    "node_modules/@popperjs/core": {
      "version": "2.11.8",
      "resolved": "https://registry.npmjs.org/@popperjs/core/-/core-2.11.8.tgz",
      "integrity": "sha512-P1st0aksCrn9sGZhp8GMYwBnQsbvAWsZAX44oXNNvLHGqAOcoVxmjZiohstwQ7SqKnbR47akdNi+uleWD8+g6A==",
      "peer": true,
      "funding": {
        "type": "opencollective",
        "url": "https://opencollective.com/popperjs"
      }
    },
    "node_modules/bootstrap": {
      "version": "5.2.3",
      "resolved": "https://registry.npmjs.org/bootstrap/-/bootstrap-5.2.3.tgz",
      "integrity": "sha512-cEKPM+fwb3cT8NzQZYEu4HilJ3anCrWqh3CHAok1p9jXqMPsPTBhU25fBckEJHJ/p+tTxTFTsFQGM+gaHpi3QQ==",
      "funding": [
        {
          "type": "github",
          "url": "https://github.com/sponsors/twbs"
        },
        {
          "type": "opencollective",
          "url": "https://opencollective.com/bootstrap"
        }
      ],
      "peerDependencies": {
        "@popperjs/core": "^2.11.6"
      }
    },
    "node_modules/chartjs": {
      "version": "0.3.24",
      "resolved": "https://registry.npmjs.org/chartjs/-/chartjs-0.3.24.tgz",
      "integrity": "sha512-h6G9qcDqmFYnSWqjWCzQMeOLiypS+pM6Fq2Rj7LPty8Kjx5yHonwwJ7oEHImZpQ2u9Pu36XGYfardvvBiQVrhg=="
    },
    "node_modules/fullcalendar": {
      "version": "6.1.14",
      "resolved": "https://registry.npmjs.org/fullcalendar/-/fullcalendar-6.1.14.tgz",
      "integrity": "sha512-uGaJrhafNE50VwHRkIROxXMKDZUr7yXgCJ+8VZ561oL5kx2sSWaDsa9WrSYH/NedNJIklUP5XczhIVtcT3aiaQ==",
      "dependencies": {
        "@fullcalendar/core": "~6.1.14",
        "@fullcalendar/daygrid": "~6.1.14",
        "@fullcalendar/interaction": "~6.1.14",
        "@fullcalendar/list": "~6.1.14",
        "@fullcalendar/multimonth": "~6.1.14",
        "@fullcalendar/timegrid": "~6.1.14"
      }
    },
    "node_modules/grep": {
      "version": "0.1.0",
      "resolved": "https://registry.npmjs.org/grep/-/grep-0.1.0.tgz",
      "integrity": "sha512-UNl3aKmGpK1Jocger8XN3hNt1gghfEOtlNbTFSVOEa5cNae2OJdG93n4m8d84pOUlIirefuaSF9qYHj0RIfBMA==",
      "engines": {
        "node": ">= 0.6.x"
      }
    },
    "node_modules/jquery": {
      "version": "3.7.0",
      "resolved": "https://registry.npmjs.org/jquery/-/jquery-3.7.0.tgz",
      "integrity": "sha512-umpJ0/k8X0MvD1ds0P9SfowREz2LenHsQaxSohMZ5OMNEU2r0tf8pdeEFTHMFxWVxKNyU9rTtK3CWzUCTKJUeQ=="
    },
    "node_modules/lightslider": {
      "version": "1.1.6",
      "resolved": "https://registry.npmjs.org/lightslider/-/lightslider-1.1.6.tgz",
      "integrity": "sha512-p7zftx1gOEUqTz1ABByZE4iVbrdp3zp6DxeMUB98yiuGlh09RF7P/n5Io0sZ4LOKKmaXa9DP506Fq+3RPazNkA==",
      "dependencies": {
        "jquery": ">= 1.7.0"
      }
    },
    "node_modules/paginationjs": {
      "version": "2.6.0",
      "resolved": "https://registry.npmjs.org/paginationjs/-/paginationjs-2.6.0.tgz",
      "integrity": "sha512-xjmHtEjVXh4s4hBGrjENx+VduJ+tIzO/9eh72nys6vkLCleTlHQzg7felJ9IHGPRivlHRc+v/IYHtrbnVx+IoQ=="
    },
    "node_modules/preact": {
      "version": "10.12.1",
      "resolved": "https://registry.npmjs.org/preact/-/preact-10.12.1.tgz",
      "integrity": "sha512-l8386ixSsBdbreOAkqtrwqHwdvR35ID8c3rKPa8lCWuO86dBi32QWHV4vfsZK1utLLFMvw+Z5Ad4XLkZzchscg==",
      "funding": {
        "type": "opencollective",
        "url": "https://opencollective.com/preact"
      }
    },
    "node_modules/select2": {
      "version": "4.1.0-rc.0",
      "resolved": "https://registry.npmjs.org/select2/-/select2-4.1.0-rc.0.tgz",
      "integrity": "sha512-Hr9TdhyHCZUtwznEH2CBf7967mEM0idtJ5nMtjvk3Up5tPukOLXbHUNmh10oRfeNIhj+3GD3niu+g6sVK+gK0A=="
    },
    "node_modules/sweetalert2": {
      "version": "11.12.0",
      "resolved": "https://registry.npmjs.org/sweetalert2/-/sweetalert2-11.12.0.tgz",
      "integrity": "sha512-Fe6sitTNReNdPF1q1w4uz1GAVv9acZff9Q7YILH5n6O/ti3MzwgfEA0aQ6tLjpy+O1NLXnZjUE//xrbluGXzJw==",
      "funding": {
        "type": "individual",
        "url": "https://github.com/sponsors/limonte"
      }
    }
  }
}
